{
  "lockfileVersion": 1,
  "configVersion": 0,
  "workspaces": {
    "": {
      "name": "gfn-client",
      "devDependencies": {
        "@tauri-apps/api": "^2.0.0",
        "@tauri-apps/cli": "^2.0.0",
        "sharp": "^0.34.5",
        "typescript": "^5.0.0",
        "vite": "^5.0.0",
      },
    },
  },
  "packages": {
    "@emnapi/runtime": ["@emnapi/runtime@1.7.1", "", { "dependencies": { "tslib": "^2.4.0" } }, "sha512-PVtJr5CmLwYAU9PZDMITZoR5iAOShYREoR45EyyLrbntV50mdePTgUn4AmOw90Ifcj+x2kRjdzr1HP3RrNiHGA=="],

    "@esbuild/aix-ppc64": ["@esbuild/aix-ppc64@0.21.5", "", { "os": "aix", "cpu": "ppc64" }, "sha512-1SDgH6ZSPTlggy1yI6+Dbkiz8xzpHJEVAlF/AM1tHPLsf5STom9rwtjE4hKAF20FfXXNTFqEYXyJNWh1GiZedQ=="],

    "@esbuild/android-arm": ["@esbuild/android-arm@0.21.5", "", { "os": "android", "cpu": "arm" }, "sha512-vCPvzSjpPHEi1siZdlvAlsPxXl7WbOVUBBAowWug4rJHb68Ox8KualB+1ocNvT5fjv6wpkX6o/iEpbDrf68zcg=="],

    "@esbuild/android-arm64": ["@esbuild/android-arm64@0.21.5", "", { "os": "android", "cpu": "arm64" }, "sha512-c0uX9VAUBQ7dTDCjq+wdyGLowMdtR/GoC2U5IYk/7D1H1JYC0qseD7+11iMP2mRLN9RcCMRcjC4YMclCzGwS/A=="],

    "@esbuild/android-x64": ["@esbuild/android-x64@0.21.5", "", { "os": "android", "cpu": "x64" }, "sha512-D7aPRUUNHRBwHxzxRvp856rjUHRFW1SdQATKXH2hqA0kAZb1hKmi02OpYRacl0TxIGz/ZmXWlbZgjwWYaCakTA=="],

    "@esbuild/darwin-arm64": ["@esbuild/darwin-arm64@0.21.5", "", { "os": "darwin", "cpu": "arm64" }, "sha512-DwqXqZyuk5AiWWf3UfLiRDJ5EDd49zg6O9wclZ7kUMv2WRFr4HKjXp/5t8JZ11QbQfUS6/cRCKGwYhtNAY88kQ=="],

    "@esbuild/darwin-x64": ["@esbuild/darwin-x64@0.21.5", "", { "os": "darwin", "cpu": "x64" }, "sha512-se/JjF8NlmKVG4kNIuyWMV/22ZaerB+qaSi5MdrXtd6R08kvs2qCN4C09miupktDitvh8jRFflwGFBQcxZRjbw=="],

    "@esbuild/freebsd-arm64": ["@esbuild/freebsd-arm64@0.21.5", "", { "os": "freebsd", "cpu": "arm64" }, "sha512-5JcRxxRDUJLX8JXp/wcBCy3pENnCgBR9bN6JsY4OmhfUtIHe3ZW0mawA7+RDAcMLrMIZaf03NlQiX9DGyB8h4g=="],

    "@esbuild/freebsd-x64": ["@esbuild/freebsd-x64@0.21.5", "", { "os": "freebsd", "cpu": "x64" }, "sha512-J95kNBj1zkbMXtHVH29bBriQygMXqoVQOQYA+ISs0/2l3T9/kj42ow2mpqerRBxDJnmkUDCaQT/dfNXWX/ZZCQ=="],

    "@esbuild/linux-arm": ["@esbuild/linux-arm@0.21.5", "", { "os": "linux", "cpu": "arm" }, "sha512-bPb5AHZtbeNGjCKVZ9UGqGwo8EUu4cLq68E95A53KlxAPRmUyYv2D6F0uUI65XisGOL1hBP5mTronbgo+0bFcA=="],

    "@esbuild/linux-arm64": ["@esbuild/linux-arm64@0.21.5", "", { "os": "linux", "cpu": "arm64" }, "sha512-ibKvmyYzKsBeX8d8I7MH/TMfWDXBF3db4qM6sy+7re0YXya+K1cem3on9XgdT2EQGMu4hQyZhan7TeQ8XkGp4Q=="],

    "@esbuild/linux-ia32": ["@esbuild/linux-ia32@0.21.5", "", { "os": "linux", "cpu": "ia32" }, "sha512-YvjXDqLRqPDl2dvRODYmmhz4rPeVKYvppfGYKSNGdyZkA01046pLWyRKKI3ax8fbJoK5QbxblURkwK/MWY18Tg=="],

    "@esbuild/linux-loong64": ["@esbuild/linux-loong64@0.21.5", "", { "os": "linux", "cpu": "none" }, "sha512-uHf1BmMG8qEvzdrzAqg2SIG/02+4/DHB6a9Kbya0XDvwDEKCoC8ZRWI5JJvNdUjtciBGFQ5PuBlpEOXQj+JQSg=="],

    "@esbuild/linux-mips64el": ["@esbuild/linux-mips64el@0.21.5", "", { "os": "linux", "cpu": "none" }, "sha512-IajOmO+KJK23bj52dFSNCMsz1QP1DqM6cwLUv3W1QwyxkyIWecfafnI555fvSGqEKwjMXVLokcV5ygHW5b3Jbg=="],

    "@esbuild/linux-ppc64": ["@esbuild/linux-ppc64@0.21.5", "", { "os": "linux", "cpu": "ppc64" }, "sha512-1hHV/Z4OEfMwpLO8rp7CvlhBDnjsC3CttJXIhBi+5Aj5r+MBvy4egg7wCbe//hSsT+RvDAG7s81tAvpL2XAE4w=="],

    "@esbuild/linux-riscv64": ["@esbuild/linux-riscv64@0.21.5", "", { "os": "linux", "cpu": "none" }, "sha512-2HdXDMd9GMgTGrPWnJzP2ALSokE/0O5HhTUvWIbD3YdjME8JwvSCnNGBnTThKGEB91OZhzrJ4qIIxk/SBmyDDA=="],

    "@esbuild/linux-s390x": ["@esbuild/linux-s390x@0.21.5", "", { "os": "linux", "cpu": "s390x" }, "sha512-zus5sxzqBJD3eXxwvjN1yQkRepANgxE9lgOW2qLnmr8ikMTphkjgXu1HR01K4FJg8h1kEEDAqDcZQtbrRnB41A=="],

    "@esbuild/linux-x64": ["@esbuild/linux-x64@0.21.5", "", { "os": "linux", "cpu": "x64" }, "sha512-1rYdTpyv03iycF1+BhzrzQJCdOuAOtaqHTWJZCWvijKD2N5Xu0TtVC8/+1faWqcP9iBCWOmjmhoH94dH82BxPQ=="],

    "@esbuild/netbsd-x64": ["@esbuild/netbsd-x64@0.21.5", "", { "os": "none", "cpu": "x64" }, "sha512-Woi2MXzXjMULccIwMnLciyZH4nCIMpWQAs049KEeMvOcNADVxo0UBIQPfSmxB3CWKedngg7sWZdLvLczpe0tLg=="],

    "@esbuild/openbsd-x64": ["@esbuild/openbsd-x64@0.21.5", "", { "os": "openbsd", "cpu": "x64" }, "sha512-HLNNw99xsvx12lFBUwoT8EVCsSvRNDVxNpjZ7bPn947b8gJPzeHWyNVhFsaerc0n3TsbOINvRP2byTZ5LKezow=="],

    "@esbuild/sunos-x64": ["@esbuild/sunos-x64@0.21.5", "", { "os": "sunos", "cpu": "x64" }, "sha512-6+gjmFpfy0BHU5Tpptkuh8+uw3mnrvgs+dSPQXQOv3ekbordwnzTVEb4qnIvQcYXq6gzkyTnoZ9dZG+D4garKg=="],

    "@esbuild/win32-arm64": ["@esbuild/win32-arm64@0.21.5", "", { "os": "win32", "cpu": "arm64" }, "sha512-Z0gOTd75VvXqyq7nsl93zwahcTROgqvuAcYDUr+vOv8uHhNSKROyU961kgtCD1e95IqPKSQKH7tBTslnS3tA8A=="],

    "@esbuild/win32-ia32": ["@esbuild/win32-ia32@0.21.5", "", { "os": "win32", "cpu": "ia32" }, "sha512-SWXFF1CL2RVNMaVs+BBClwtfZSvDgtL//G/smwAc5oVK/UPu2Gu9tIaRgFmYFFKrmg3SyAjSrElf0TiJ1v8fYA=="],

    "@esbuild/win32-x64": ["@esbuild/win32-x64@0.21.5", "", { "os": "win32", "cpu": "x64" }, "sha512-tQd/1efJuzPC6rCFwEvLtci/xNFcTZknmXs98FYDfGE4wP9ClFV98nyKrzJKVPMhdDnjzLhdUyMX4PsQAPjwIw=="],

    "@img/colour": ["@img/colour@1.0.0", "", {}, "sha512-A5P/LfWGFSl6nsckYtjw9da+19jB8hkJ6ACTGcDfEJ0aE+l2n2El7dsVM7UVHZQ9s2lmYMWlrS21YLy2IR1LUw=="],

    "@img/sharp-darwin-arm64": ["@img/sharp-darwin-arm64@0.34.5", "", { "optionalDependencies": { "@img/sharp-libvips-darwin-arm64": "1.2.4" }, "os": "darwin", "cpu": "arm64" }, "sha512-imtQ3WMJXbMY4fxb/Ndp6HBTNVtWCUI0WdobyheGf5+ad6xX8VIDO8u2xE4qc/fr08CKG/7dDseFtn6M6g/r3w=="],

    "@img/sharp-darwin-x64": ["@img/sharp-darwin-x64@0.34.5", "", { "optionalDependencies": { "@img/sharp-libvips-darwin-x64": "1.2.4" }, "os": "darwin", "cpu": "x64" }, "sha512-YNEFAF/4KQ/PeW0N+r+aVVsoIY0/qxxikF2SWdp+NRkmMB7y9LBZAVqQ4yhGCm/H3H270OSykqmQMKLBhBJDEw=="],

    "@img/sharp-libvips-darwin-arm64": ["@img/sharp-libvips-darwin-arm64@1.2.4", "", { "os": "darwin", "cpu": "arm64" }, "sha512-zqjjo7RatFfFoP0MkQ51jfuFZBnVE2pRiaydKJ1G/rHZvnsrHAOcQALIi9sA5co5xenQdTugCvtb1cuf78Vf4g=="],

    "@img/sharp-libvips-darwin-x64": ["@img/sharp-libvips-darwin-x64@1.2.4", "", { "os": "darwin", "cpu": "x64" }, "sha512-1IOd5xfVhlGwX+zXv2N93k0yMONvUlANylbJw1eTah8K/Jtpi15KC+WSiaX/nBmbm2HxRM1gZ0nSdjSsrZbGKg=="],

    "@img/sharp-libvips-linux-arm": ["@img/sharp-libvips-linux-arm@1.2.4", "", { "os": "linux", "cpu": "arm" }, "sha512-bFI7xcKFELdiNCVov8e44Ia4u2byA+l3XtsAj+Q8tfCwO6BQ8iDojYdvoPMqsKDkuoOo+X6HZA0s0q11ANMQ8A=="],

    "@img/sharp-libvips-linux-arm64": ["@img/sharp-libvips-linux-arm64@1.2.4", "", { "os": "linux", "cpu": "arm64" }, "sha512-excjX8DfsIcJ10x1Kzr4RcWe1edC9PquDRRPx3YVCvQv+U5p7Yin2s32ftzikXojb1PIFc/9Mt28/y+iRklkrw=="],

    "@img/sharp-libvips-linux-ppc64": ["@img/sharp-libvips-linux-ppc64@1.2.4", "", { "os": "linux", "cpu": "ppc64" }, "sha512-FMuvGijLDYG6lW+b/UvyilUWu5Ayu+3r2d1S8notiGCIyYU/76eig1UfMmkZ7vwgOrzKzlQbFSuQfgm7GYUPpA=="],

    "@img/sharp-libvips-linux-riscv64": ["@img/sharp-libvips-linux-riscv64@1.2.4", "", { "os": "linux", "cpu": "none" }, "sha512-oVDbcR4zUC0ce82teubSm+x6ETixtKZBh/qbREIOcI3cULzDyb18Sr/Wcyx7NRQeQzOiHTNbZFF1UwPS2scyGA=="],

    "@img/sharp-libvips-linux-s390x": ["@img/sharp-libvips-linux-s390x@1.2.4", "", { "os": "linux", "cpu": "s390x" }, "sha512-qmp9VrzgPgMoGZyPvrQHqk02uyjA0/QrTO26Tqk6l4ZV0MPWIW6LTkqOIov+J1yEu7MbFQaDpwdwJKhbJvuRxQ=="],

    "@img/sharp-libvips-linux-x64": ["@img/sharp-libvips-linux-x64@1.2.4", "", { "os": "linux", "cpu": "x64" }, "sha512-tJxiiLsmHc9Ax1bz3oaOYBURTXGIRDODBqhveVHonrHJ9/+k89qbLl0bcJns+e4t4rvaNBxaEZsFtSfAdquPrw=="],

    "@img/sharp-libvips-linuxmusl-arm64": ["@img/sharp-libvips-linuxmusl-arm64@1.2.4", "", { "os": "linux", "cpu": "arm64" }, "sha512-FVQHuwx1IIuNow9QAbYUzJ+En8KcVm9Lk5+uGUQJHaZmMECZmOlix9HnH7n1TRkXMS0pGxIJokIVB9SuqZGGXw=="],

    "@img/sharp-libvips-linuxmusl-x64": ["@img/sharp-libvips-linuxmusl-x64@1.2.4", "", { "os": "linux", "cpu": "x64" }, "sha512-+LpyBk7L44ZIXwz/VYfglaX/okxezESc6UxDSoyo2Ks6Jxc4Y7sGjpgU9s4PMgqgjj1gZCylTieNamqA1MF7Dg=="],

    "@img/sharp-linux-arm": ["@img/sharp-linux-arm@0.34.5", "", { "optionalDependencies": { "@img/sharp-libvips-linux-arm": "1.2.4" }, "os": "linux", "cpu": "arm" }, "sha512-9dLqsvwtg1uuXBGZKsxem9595+ujv0sJ6Vi8wcTANSFpwV/GONat5eCkzQo/1O6zRIkh0m/8+5BjrRr7jDUSZw=="],

    "@img/sharp-linux-arm64": ["@img/sharp-linux-arm64@0.34.5", "", { "optionalDependencies": { "@img/sharp-libvips-linux-arm64": "1.2.4" }, "os": "linux", "cpu": "arm64" }, "sha512-bKQzaJRY/bkPOXyKx5EVup7qkaojECG6NLYswgktOZjaXecSAeCWiZwwiFf3/Y+O1HrauiE3FVsGxFg8c24rZg=="],

    "@img/sharp-linux-ppc64": ["@img/sharp-linux-ppc64@0.34.5", "", { "optionalDependencies": { "@img/sharp-libvips-linux-ppc64": "1.2.4" }, "os": "linux", "cpu": "ppc64" }, "sha512-7zznwNaqW6YtsfrGGDA6BRkISKAAE1Jo0QdpNYXNMHu2+0dTrPflTLNkpc8l7MUP5M16ZJcUvysVWWrMefZquA=="],

    "@img/sharp-linux-riscv64": ["@img/sharp-linux-riscv64@0.34.5", "", { "optionalDependencies": { "@img/sharp-libvips-linux-riscv64": "1.2.4" }, "os": "linux", "cpu": "none" }, "sha512-51gJuLPTKa7piYPaVs8GmByo7/U7/7TZOq+cnXJIHZKavIRHAP77e3N2HEl3dgiqdD/w0yUfiJnII77PuDDFdw=="],

    "@img/sharp-linux-s390x": ["@img/sharp-linux-s390x@0.34.5", "", { "optionalDependencies": { "@img/sharp-libvips-linux-s390x": "1.2.4" }, "os": "linux", "cpu": "s390x" }, "sha512-nQtCk0PdKfho3eC5MrbQoigJ2gd1CgddUMkabUj+rBevs8tZ2cULOx46E7oyX+04WGfABgIwmMC0VqieTiR4jg=="],

    "@img/sharp-linux-x64": ["@img/sharp-linux-x64@0.34.5", "", { "optionalDependencies": { "@img/sharp-libvips-linux-x64": "1.2.4" }, "os": "linux", "cpu": "x64" }, "sha512-MEzd8HPKxVxVenwAa+JRPwEC7QFjoPWuS5NZnBt6B3pu7EG2Ge0id1oLHZpPJdn3OQK+BQDiw9zStiHBTJQQQQ=="],

    "@img/sharp-linuxmusl-arm64": ["@img/sharp-linuxmusl-arm64@0.34.5", "", { "optionalDependencies": { "@img/sharp-libvips-linuxmusl-arm64": "1.2.4" }, "os": "linux", "cpu": "arm64" }, "sha512-fprJR6GtRsMt6Kyfq44IsChVZeGN97gTD331weR1ex1c1rypDEABN6Tm2xa1wE6lYb5DdEnk03NZPqA7Id21yg=="],

    "@img/sharp-linuxmusl-x64": ["@img/sharp-linuxmusl-x64@0.34.5", "", { "optionalDependencies": { "@img/sharp-libvips-linuxmusl-x64": "1.2.4" }, "os": "linux", "cpu": "x64" }, "sha512-Jg8wNT1MUzIvhBFxViqrEhWDGzqymo3sV7z7ZsaWbZNDLXRJZoRGrjulp60YYtV4wfY8VIKcWidjojlLcWrd8Q=="],

    "@img/sharp-wasm32": ["@img/sharp-wasm32@0.34.5", "", { "dependencies": { "@emnapi/runtime": "^1.7.0" }, "cpu": "none" }, "sha512-OdWTEiVkY2PHwqkbBI8frFxQQFekHaSSkUIJkwzclWZe64O1X4UlUjqqqLaPbUpMOQk6FBu/HtlGXNblIs0huw=="],

    "@img/sharp-win32-arm64": ["@img/sharp-win32-arm64@0.34.5", "", { "os": "win32", "cpu": "arm64" }, "sha512-WQ3AgWCWYSb2yt+IG8mnC6Jdk9Whs7O0gxphblsLvdhSpSTtmu69ZG1Gkb6NuvxsNACwiPV6cNSZNzt0KPsw7g=="],

    "@img/sharp-win32-ia32": ["@img/sharp-win32-ia32@0.34.5", "", { "os": "win32", "cpu": "ia32" }, "sha512-FV9m/7NmeCmSHDD5j4+4pNI8Cp3aW+JvLoXcTUo0IqyjSfAZJ8dIUmijx1qaJsIiU+Hosw6xM5KijAWRJCSgNg=="],

    "@img/sharp-win32-x64": ["@img/sharp-win32-x64@0.34.5", "", { "os": "win32", "cpu": "x64" }, "sha512-+29YMsqY2/9eFEiW93eqWnuLcWcufowXewwSNIT6UwZdUUCrM3oFjMWH/Z6/TMmb4hlFenmfAVbpWeup2jryCw=="],

    "@rollup/rollup-android-arm-eabi": ["@rollup/rollup-android-arm-eabi@4.54.0", "", { "os": "android", "cpu": "arm" }, "sha512-OywsdRHrFvCdvsewAInDKCNyR3laPA2mc9bRYJ6LBp5IyvF3fvXbbNR0bSzHlZVFtn6E0xw2oZlyjg4rKCVcng=="],

    "@rollup/rollup-android-arm64": ["@rollup/rollup-android-arm64@4.54.0", "", { "os": "android", "cpu": "arm64" }, "sha512-Skx39Uv+u7H224Af+bDgNinitlmHyQX1K/atIA32JP3JQw6hVODX5tkbi2zof/E69M1qH2UoN3Xdxgs90mmNYw=="],

    "@rollup/rollup-darwin-arm64": ["@rollup/rollup-darwin-arm64@4.54.0", "", { "os": "darwin", "cpu": "arm64" }, "sha512-k43D4qta/+6Fq+nCDhhv9yP2HdeKeP56QrUUTW7E6PhZP1US6NDqpJj4MY0jBHlJivVJD5P8NxrjuobZBJTCRw=="],

    "@rollup/rollup-darwin-x64": ["@rollup/rollup-darwin-x64@4.54.0", "", { "os": "darwin", "cpu": "x64" }, "sha512-cOo7biqwkpawslEfox5Vs8/qj83M/aZCSSNIWpVzfU2CYHa2G3P1UN5WF01RdTHSgCkri7XOlTdtk17BezlV3A=="],

    "@rollup/rollup-freebsd-arm64": ["@rollup/rollup-freebsd-arm64@4.54.0", "", { "os": "freebsd", "cpu": "arm64" }, "sha512-miSvuFkmvFbgJ1BevMa4CPCFt5MPGw094knM64W9I0giUIMMmRYcGW/JWZDriaw/k1kOBtsWh1z6nIFV1vPNtA=="],

    "@rollup/rollup-freebsd-x64": ["@rollup/rollup-freebsd-x64@4.54.0", "", { "os": "freebsd", "cpu": "x64" }, "sha512-KGXIs55+b/ZfZsq9aR026tmr/+7tq6VG6MsnrvF4H8VhwflTIuYh+LFUlIsRdQSgrgmtM3fVATzEAj4hBQlaqQ=="],

    "@rollup/rollup-linux-arm-gnueabihf": ["@rollup/rollup-linux-arm-gnueabihf@4.54.0", "", { "os": "linux", "cpu": "arm" }, "sha512-EHMUcDwhtdRGlXZsGSIuXSYwD5kOT9NVnx9sqzYiwAc91wfYOE1g1djOEDseZJKKqtHAHGwnGPQu3kytmfaXLQ=="],

    "@rollup/rollup-linux-arm-musleabihf": ["@rollup/rollup-linux-arm-musleabihf@4.54.0", "", { "os": "linux", "cpu": "arm" }, "sha512-+pBrqEjaakN2ySv5RVrj/qLytYhPKEUwk+e3SFU5jTLHIcAtqh2rLrd/OkbNuHJpsBgxsD8ccJt5ga/SeG0JmA=="],

    "@rollup/rollup-linux-arm64-gnu": ["@rollup/rollup-linux-arm64-gnu@4.54.0", "", { "os": "linux", "cpu": "arm64" }, "sha512-NSqc7rE9wuUaRBsBp5ckQ5CVz5aIRKCwsoa6WMF7G01sX3/qHUw/z4pv+D+ahL1EIKy6Enpcnz1RY8pf7bjwng=="],

    "@rollup/rollup-linux-arm64-musl": ["@rollup/rollup-linux-arm64-musl@4.54.0", "", { "os": "linux", "cpu": "arm64" }, "sha512-gr5vDbg3Bakga5kbdpqx81m2n9IX8M6gIMlQQIXiLTNeQW6CucvuInJ91EuCJ/JYvc+rcLLsDFcfAD1K7fMofg=="],

    "@rollup/rollup-linux-loong64-gnu": ["@rollup/rollup-linux-loong64-gnu@4.54.0", "", { "os": "linux", "cpu": "none" }, "sha512-gsrtB1NA3ZYj2vq0Rzkylo9ylCtW/PhpLEivlgWe0bpgtX5+9j9EZa0wtZiCjgu6zmSeZWyI/e2YRX1URozpIw=="],

    "@rollup/rollup-linux-ppc64-gnu": ["@rollup/rollup-linux-ppc64-gnu@4.54.0", "", { "os": "linux", "cpu": "ppc64" }, "sha512-y3qNOfTBStmFNq+t4s7Tmc9hW2ENtPg8FeUD/VShI7rKxNW7O4fFeaYbMsd3tpFlIg1Q8IapFgy7Q9i2BqeBvA=="],

    "@rollup/rollup-linux-riscv64-gnu": ["@rollup/rollup-linux-riscv64-gnu@4.54.0", "", { "os": "linux", "cpu": "none" }, "sha512-89sepv7h2lIVPsFma8iwmccN7Yjjtgz0Rj/Ou6fEqg3HDhpCa+Et+YSufy27i6b0Wav69Qv4WBNl3Rs6pwhebQ=="],

    "@rollup/rollup-linux-riscv64-musl": ["@rollup/rollup-linux-riscv64-musl@4.54.0", "", { "os": "linux", "cpu": "none" }, "sha512-ZcU77ieh0M2Q8Ur7D5X7KvK+UxbXeDHwiOt/CPSBTI1fBmeDMivW0dPkdqkT4rOgDjrDDBUed9x4EgraIKoR2A=="],

    "@rollup/rollup-linux-s390x-gnu": ["@rollup/rollup-linux-s390x-gnu@4.54.0", "", { "os": "linux", "cpu": "s390x" }, "sha512-2AdWy5RdDF5+4YfG/YesGDDtbyJlC9LHmL6rZw6FurBJ5n4vFGupsOBGfwMRjBYH7qRQowT8D/U4LoSvVwOhSQ=="],

    "@rollup/rollup-linux-x64-gnu": ["@rollup/rollup-linux-x64-gnu@4.54.0", "", { "os": "linux", "cpu": "x64" }, "sha512-WGt5J8Ij/rvyqpFexxk3ffKqqbLf9AqrTBbWDk7ApGUzaIs6V+s2s84kAxklFwmMF/vBNGrVdYgbblCOFFezMQ=="],

    "@rollup/rollup-linux-x64-musl": ["@rollup/rollup-linux-x64-musl@4.54.0", "", { "os": "linux", "cpu": "x64" }, "sha512-JzQmb38ATzHjxlPHuTH6tE7ojnMKM2kYNzt44LO/jJi8BpceEC8QuXYA908n8r3CNuG/B3BV8VR3Hi1rYtmPiw=="],

    "@rollup/rollup-openharmony-arm64": ["@rollup/rollup-openharmony-arm64@4.54.0", "", { "os": "none", "cpu": "arm64" }, "sha512-huT3fd0iC7jigGh7n3q/+lfPcXxBi+om/Rs3yiFxjvSxbSB6aohDFXbWvlspaqjeOh+hx7DDHS+5Es5qRkWkZg=="],

    "@rollup/rollup-win32-arm64-msvc": ["@rollup/rollup-win32-arm64-msvc@4.54.0", "", { "os": "win32", "cpu": "arm64" }, "sha512-c2V0W1bsKIKfbLMBu/WGBz6Yci8nJ/ZJdheE0EwB73N3MvHYKiKGs3mVilX4Gs70eGeDaMqEob25Tw2Gb9Nqyw=="],

    "@rollup/rollup-win32-ia32-msvc": ["@rollup/rollup-win32-ia32-msvc@4.54.0", "", { "os": "win32", "cpu": "ia32" }, "sha512-woEHgqQqDCkAzrDhvDipnSirm5vxUXtSKDYTVpZG3nUdW/VVB5VdCYA2iReSj/u3yCZzXID4kuKG7OynPnB3WQ=="],

    "@rollup/rollup-win32-x64-gnu": ["@rollup/rollup-win32-x64-gnu@4.54.0", "", { "os": "win32", "cpu": "x64" }, "sha512-dzAc53LOuFvHwbCEOS0rPbXp6SIhAf2txMP5p6mGyOXXw5mWY8NGGbPMPrs4P1WItkfApDathBj/NzMLUZ9rtQ=="],

    "@rollup/rollup-win32-x64-msvc": ["@rollup/rollup-win32-x64-msvc@4.54.0", "", { "os": "win32", "cpu": "x64" }, "sha512-hYT5d3YNdSh3mbCU1gwQyPgQd3T2ne0A3KG8KSBdav5TiBg6eInVmV+TeR5uHufiIgSFg0XsOWGW5/RhNcSvPg=="],

    "@tauri-apps/api": ["@tauri-apps/api@2.9.1", "", {}, "sha512-IGlhP6EivjXHepbBic618GOmiWe4URJiIeZFlB7x3czM0yDHHYviH1Xvoiv4FefdkQtn6v7TuwWCRfOGdnVUGw=="],

    "@tauri-apps/cli": ["@tauri-apps/cli@2.9.6", "", { "optionalDependencies": { "@tauri-apps/cli-darwin-arm64": "2.9.6", "@tauri-apps/cli-darwin-x64": "2.9.6", "@tauri-apps/cli-linux-arm-gnueabihf": "2.9.6", "@tauri-apps/cli-linux-arm64-gnu": "2.9.6", "@tauri-apps/cli-linux-arm64-musl": "2.9.6", "@tauri-apps/cli-linux-riscv64-gnu": "2.9.6", "@tauri-apps/cli-linux-x64-gnu": "2.9.6", "@tauri-apps/cli-linux-x64-musl": "2.9.6", "@tauri-apps/cli-win32-arm64-msvc": "2.9.6", "@tauri-apps/cli-win32-ia32-msvc": "2.9.6", "@tauri-apps/cli-win32-x64-msvc": "2.9.6" }, "bin": { "tauri": "tauri.js" } }, "sha512-3xDdXL5omQ3sPfBfdC8fCtDKcnyV7OqyzQgfyT5P3+zY6lcPqIYKQBvUasNvppi21RSdfhy44ttvJmftb0PCDw=="],

    "@tauri-apps/cli-darwin-arm64": ["@tauri-apps/cli-darwin-arm64@2.9.6", "", { "os": "darwin", "cpu": "arm64" }, "sha512-gf5no6N9FCk1qMrti4lfwP77JHP5haASZgVbBgpZG7BUepB3fhiLCXGUK8LvuOjP36HivXewjg72LTnPDScnQQ=="],

    "@tauri-apps/cli-darwin-x64": ["@tauri-apps/cli-darwin-x64@2.9.6", "", { "os": "darwin", "cpu": "x64" }, "sha512-oWh74WmqbERwwrwcueJyY6HYhgCksUc6NT7WKeXyrlY/FPmNgdyQAgcLuTSkhRFuQ6zh4Np1HZpOqCTpeZBDcw=="],

    "@tauri-apps/cli-linux-arm-gnueabihf": ["@tauri-apps/cli-linux-arm-gnueabihf@2.9.6", "", { "os": "linux", "cpu": "arm" }, "sha512-/zde3bFroFsNXOHN204DC2qUxAcAanUjVXXSdEGmhwMUZeAQalNj5cz2Qli2elsRjKN/hVbZOJj0gQ5zaYUjSg=="],

    "@tauri-apps/cli-linux-arm64-gnu": ["@tauri-apps/cli-linux-arm64-gnu@2.9.6", "", { "os": "linux", "cpu": "arm64" }, "sha512-pvbljdhp9VOo4RnID5ywSxgBs7qiylTPlK56cTk7InR3kYSTJKYMqv/4Q/4rGo/mG8cVppesKIeBMH42fw6wjg=="],

    "@tauri-apps/cli-linux-arm64-musl": ["@tauri-apps/cli-linux-arm64-musl@2.9.6", "", { "os": "linux", "cpu": "arm64" }, "sha512-02TKUndpodXBCR0oP//6dZWGYcc22Upf2eP27NvC6z0DIqvkBBFziQUcvi2n6SrwTRL0yGgQjkm9K5NIn8s6jw=="],

    "@tauri-apps/cli-linux-riscv64-gnu": ["@tauri-apps/cli-linux-riscv64-gnu@2.9.6", "", { "os": "linux", "cpu": "none" }, "sha512-fmp1hnulbqzl1GkXl4aTX9fV+ubHw2LqlLH1PE3BxZ11EQk+l/TmiEongjnxF0ie4kV8DQfDNJ1KGiIdWe1GvQ=="],

    "@tauri-apps/cli-linux-x64-gnu": ["@tauri-apps/cli-linux-x64-gnu@2.9.6", "", { "os": "linux", "cpu": "x64" }, "sha512-vY0le8ad2KaV1PJr+jCd8fUF9VOjwwQP/uBuTJvhvKTloEwxYA/kAjKK9OpIslGA9m/zcnSo74czI6bBrm2sYA=="],

    "@tauri-apps/cli-linux-x64-musl": ["@tauri-apps/cli-linux-x64-musl@2.9.6", "", { "os": "linux", "cpu": "x64" }, "sha512-TOEuB8YCFZTWVDzsO2yW0+zGcoMiPPwcUgdnW1ODnmgfwccpnihDRoks+ABT1e3fHb1ol8QQWsHSCovb3o2ENQ=="],

    "@tauri-apps/cli-win32-arm64-msvc": ["@tauri-apps/cli-win32-arm64-msvc@2.9.6", "", { "os": "win32", "cpu": "arm64" }, "sha512-ujmDGMRc4qRLAnj8nNG26Rlz9klJ0I0jmZs2BPpmNNf0gM/rcVHhqbEkAaHPTBVIrtUdf7bGvQAD2pyIiUrBHQ=="],

    "@tauri-apps/cli-win32-ia32-msvc": ["@tauri-apps/cli-win32-ia32-msvc@2.9.6", "", { "os": "win32", "cpu": "ia32" }, "sha512-S4pT0yAJgFX8QRCyKA1iKjZ9Q/oPjCZf66A/VlG5Yw54Nnr88J1uBpmenINbXxzyhduWrIXBaUbEY1K80ZbpMg=="],

    "@tauri-apps/cli-win32-x64-msvc": ["@tauri-apps/cli-win32-x64-msvc@2.9.6", "", { "os": "win32", "cpu": "x64" }, "sha512-ldWuWSSkWbKOPjQMJoYVj9wLHcOniv7diyI5UAJ4XsBdtaFB0pKHQsqw/ItUma0VXGC7vB4E9fZjivmxur60aw=="],

    "@types/estree": ["@types/estree@1.0.8", "", {}, "sha512-dWHzHa2WqEXI/O1E9OjrocMTKJl2mSrEolh1Iomrv6U+JuNwaHXsXx9bLu5gG7BUWFIN0skIQJQ/L1rIex4X6w=="],

    "detect-libc": ["detect-libc@2.1.2", "", {}, "sha512-Btj2BOOO83o3WyH59e8MgXsxEQVcarkUOpEYrubB0urwnN10yQ364rsiByU11nZlqWYZm05i/of7io4mzihBtQ=="],

    "esbuild": ["esbuild@0.21.5", "", { "optionalDependencies": { "@esbuild/aix-ppc64": "0.21.5", "@esbuild/android-arm": "0.21.5", "@esbuild/android-arm64": "0.21.5", "@esbuild/android-x64": "0.21.5", "@esbuild/darwin-arm64": "0.21.5", "@esbuild/darwin-x64": "0.21.5", "@esbuild/freebsd-arm64": "0.21.5", "@esbuild/freebsd-x64": "0.21.5", "@esbuild/linux-arm": "0.21.5", "@esbuild/linux-arm64": "0.21.5", "@esbuild/linux-ia32": "0.21.5", "@esbuild/linux-loong64": "0.21.5", "@esbuild/linux-mips64el": "0.21.5", "@esbuild/linux-ppc64": "0.21.5", "@esbuild/linux-riscv64": "0.21.5", "@esbuild/linux-s390x": "0.21.5", "@esbuild/linux-x64": "0.21.5", "@esbuild/netbsd-x64": "0.21.5", "@esbuild/openbsd-x64": "0.21.5", "@esbuild/sunos-x64": "0.21.5", "@esbuild/win32-arm64": "0.21.5", "@esbuild/win32-ia32": "0.21.5", "@esbuild/win32-x64": "0.21.5" }, "bin": "bin/esbuild" }, "sha512-mg3OPMV4hXywwpoDxu3Qda5xCKQi+vCTZq8S9J/EpkhB2HzKXq4SNFZE3+NK93JYxc8VMSep+lOUSC/RVKaBqw=="],

    "fsevents": ["fsevents@2.3.3", "", { "os": "darwin" }, "sha512-5xoDfX+fL7faATnagmWPpbFtwh/R77WmMMqqHGS65C3vvB0YHrgF+B1YmZ3441tMj5n63k0212XNoJwzlhffQw=="],

    "nanoid": ["nanoid@3.3.11", "", { "bin": "bin/nanoid.cjs" }, "sha512-N8SpfPUnUp1bK+PMYW8qSWdl9U+wwNWI4QKxOYDy9JAro3WMX7p2OeVRF9v+347pnakNevPmiHhNmZ2HbFA76w=="],

    "picocolors": ["picocolors@1.1.1", "", {}, "sha512-xceH2snhtb5M9liqDsmEw56le376mTZkEX/jEb/RxNFyegNul7eNslCXP9FDj/Lcu0X8KEyMceP2ntpaHrDEVA=="],

    "postcss": ["postcss@8.5.6", "", { "dependencies": { "nanoid": "^3.3.11", "picocolors": "^1.1.1", "source-map-js": "^1.2.1" } }, "sha512-3Ybi1tAuwAP9s0r1UQ2J4n5Y0G05bJkpUIO0/bI9MhwmD70S5aTWbXGBwxHrelT+XM1k6dM0pk+SwNkpTRN7Pg=="],

    "rollup": ["rollup@4.54.0", "", { "dependencies": { "@types/estree": "1.0.8" }, "optionalDependencies": { "@rollup/rollup-android-arm-eabi": "4.54.0", "@rollup/rollup-android-arm64": "4.54.0", "@rollup/rollup-darwin-arm64": "4.54.0", "@rollup/rollup-darwin-x64": "4.54.0", "@rollup/rollup-freebsd-arm64": "4.54.0", "@rollup/rollup-freebsd-x64": "4.54.0", "@rollup/rollup-linux-arm-gnueabihf": "4.54.0", "@rollup/rollup-linux-arm-musleabihf": "4.54.0", "@rollup/rollup-linux-arm64-gnu": "4.54.0", "@rollup/rollup-linux-arm64-musl": "4.54.0", "@rollup/rollup-linux-loong64-gnu": "4.54.0", "@rollup/rollup-linux-ppc64-gnu": "4.54.0", "@rollup/rollup-linux-riscv64-gnu": "4.54.0", "@rollup/rollup-linux-riscv64-musl": "4.54.0", "@rollup/rollup-linux-s390x-gnu": "4.54.0", "@rollup/rollup-linux-x64-gnu": "4.54.0", "@rollup/rollup-linux-x64-musl": "4.54.0", "@rollup/rollup-openharmony-arm64": "4.54.0", "@rollup/rollup-win32-arm64-msvc": "4.54.0", "@rollup/rollup-win32-ia32-msvc": "4.54.0", "@rollup/rollup-win32-x64-gnu": "4.54.0", "@rollup/rollup-win32-x64-msvc": "4.54.0", "fsevents": "~2.3.2" }, "bin": "dist/bin/rollup" }, "sha512-3nk8Y3a9Ea8szgKhinMlGMhGMw89mqule3KWczxhIzqudyHdCIOHw8WJlj/r329fACjKLEh13ZSk7oE22kyeIw=="],

    "semver": ["semver@7.7.3", "", { "bin": "bin/semver.js" }, "sha512-SdsKMrI9TdgjdweUSR9MweHA4EJ8YxHn8DFaDisvhVlUOe4BF1tLD7GAj0lIqWVl+dPb/rExr0Btby5loQm20Q=="],

    "sharp": ["sharp@0.34.5", "", { "dependencies": { "@img/colour": "^1.0.0", "detect-libc": "^2.1.2", "semver": "^7.7.3" }, "optionalDependencies": { "@img/sharp-darwin-arm64": "0.34.5", "@img/sharp-darwin-x64": "0.34.5", "@img/sharp-libvips-darwin-arm64": "1.2.4", "@img/sharp-libvips-darwin-x64": "1.2.4", "@img/sharp-libvips-linux-arm": "1.2.4", "@img/sharp-libvips-linux-arm64": "1.2.4", "@img/sharp-libvips-linux-ppc64": "1.2.4", "@img/sharp-libvips-linux-riscv64": "1.2.4", "@img/sharp-libvips-linux-s390x": "1.2.4", "@img/sharp-libvips-linux-x64": "1.2.4", "@img/sharp-libvips-linuxmusl-arm64": "1.2.4", "@img/sharp-libvips-linuxmusl-x64": "1.2.4", "@img/sharp-linux-arm": "0.34.5", "@img/sharp-linux-arm64": "0.34.5", "@img/sharp-linux-ppc64": "0.34.5", "@img/sharp-linux-riscv64": "0.34.5", "@img/sharp-linux-s390x": "0.34.5", "@img/sharp-linux-x64": "0.34.5", "@img/sharp-linuxmusl-arm64": "0.34.5", "@img/sharp-linuxmusl-x64": "0.34.5", "@img/sharp-wasm32": "0.34.5", "@img/sharp-win32-arm64": "0.34.5", "@img/sharp-win32-ia32": "0.34.5", "@img/sharp-win32-x64": "0.34.5" } }, "sha512-Ou9I5Ft9WNcCbXrU9cMgPBcCK8LiwLqcbywW3t4oDV37n1pzpuNLsYiAV8eODnjbtQlSDwZ2cUEeQz4E54Hltg=="],

    "source-map-js": ["source-map-js@1.2.1", "", {}, "sha512-UXWMKhLOwVKb728IUtQPXxfYU+usdybtUrK/8uGE8CQMvrhOpwvzDBwj0QhSL7MQc7vIsISBG8VQ8+IDQxpfQA=="],

    "tslib": ["tslib@2.8.1", "", {}, "sha512-oJFu94HQb+KVduSUQL7wnpmqnfmLsOA/nAh6b6EH0wCEoK0/mPeXU6c3wKDV83MkOuHPRHtSXKKU99IBazS/2w=="],

    "typescript": ["typescript@5.9.3", "", { "bin": { "tsc": "bin/tsc", "tsserver": "bin/tsserver" } }, "sha512-jl1vZzPDinLr9eUt3J/t7V6FgNEw9QjvBPdysz9KfQDD41fQrC2Y4vKQdiaUpFT4bXlb1RHhLpp8wtm6M5TgSw=="],

    "vite": ["vite@5.4.21", "", { "dependencies": { "esbuild": "^0.21.3", "postcss": "^8.4.43", "rollup": "^4.20.0" }, "optionalDependencies": { "fsevents": "~2.3.3" }, "peerDependencies": { "@types/node": "^18.0.0 || >=20.0.0", "less": "*", "lightningcss": "^1.21.0", "sass": "*", "sass-embedded": "*", "stylus": "*", "sugarss": "*", "terser": "^5.4.0" }, "optionalPeers": ["@types/node", "less", "lightningcss", "sass", "sass-embedded", "stylus", "sugarss", "terser"], "bin": "bin/vite.js" }, "sha512-o5a9xKjbtuhY6Bi5S3+HvbRERmouabWbyUcpXXUA1u+GNUKoROi9byOJ8M0nHbHYHkYICiMlqxkg1KkYmm25Sw=="],
  }
}
