
Microsoft Visual Studio Solution File, Format Version 12.00
Project("{FAE04EC0-301F-11D3-BF4B-00C04F79EFBC}") = "OpenNow.Playnite", "OpenNow.Playnite\OpenNow.Playnite.csproj", "{A7C3E2B1-4D5F-4A6B-9C8D-1E2F3A4B5C6D}"
EndProject
Global
	GlobalSection(SolutionConfigurationPlatforms) = preSolution
		Debug|Any CPU = Debug|Any CPU
		Release|Any CPU = Release|Any CPU
	EndGlobalSection
	GlobalSection(ProjectConfigurationPlatforms) = postSolution
		{A7C3E2B1-4D5F-4A6B-9C8D-1E2F3A4B5C6D}.Debug|Any CPU.ActiveCfg = Debug|Any CPU
		{A7C3E2B1-4D5F-4A6B-9C8D-1E2F3A4B5C6D}.Debug|Any CPU.Build.0 = Debug|Any CPU
		{A7C3E2B1-4D5F-4A6B-9C8D-1E2F3A4B5C6D}.Release|Any CPU.ActiveCfg = Release|Any CPU
		{A7C3E2B1-4D5F-4A6B-9C8D-1E2F3A4B5C6D}.Release|Any CPU.Build.0 = Release|Any CPU
	EndGlobalSection
EndGlobal
